
Microsoft Visual Studio Solution File, Format Version 12.00
# Visual Studio 14
VisualStudioVersion = 14.0.24720.0
MinimumVisualStudioVersion = 10.0.40219.1
Project("{FAE04EC0-301F-11D3-BF4B-00C04F79EFBC}") = "Stuff.Model", "Stuff.Model\Stuff.Model.csproj", "{68BB61B4-C1AA-4FDD-BBA6-2C09E07465A0}"
EndProject
Project("{FAE04EC0-301F-11D3-BF4B-00C04F79EFBC}") = "Stuff.DataContracts", "Stuff.DataContracts\Stuff.DataContracts.csproj", "{2CBCB792-8424-4E7E-886F-A1E083748D48}"
EndProject
Project("{FAE04EC0-301F-11D3-BF4B-00C04F79EFBC}") = "Stuff.Data", "Stuff.Data\Stuff.Data.csproj", "{1D8DCF29-DEE7-4C66-A9E2-EA1F1801C34E}"
EndProject
Global
	GlobalSection(SolutionConfigurationPlatforms) = preSolution
		Debug|Any CPU = Debug|Any CPU
		Release|Any CPU = Release|Any CPU
	EndGlobalSection
	GlobalSection(ProjectConfigurationPlatforms) = postSolution
		{68BB61B4-C1AA-4FDD-BBA6-2C09E07465A0}.Debug|Any CPU.ActiveCfg = Debug|Any CPU
		{68BB61B4-C1AA-4FDD-BBA6-2C09E07465A0}.Debug|Any CPU.Build.0 = Debug|Any CPU
		{68BB61B4-C1AA-4FDD-BBA6-2C09E07465A0}.Release|Any CPU.ActiveCfg = Release|Any CPU
		{68BB61B4-C1AA-4FDD-BBA6-2C09E07465A0}.Release|Any CPU.Build.0 = Release|Any CPU
		{2CBCB792-8424-4E7E-886F-A1E083748D48}.Debug|Any CPU.ActiveCfg = Debug|Any CPU
		{2CBCB792-8424-4E7E-886F-A1E083748D48}.Debug|Any CPU.Build.0 = Debug|Any CPU
		{2CBCB792-8424-4E7E-886F-A1E083748D48}.Release|Any CPU.ActiveCfg = Release|Any CPU
		{2CBCB792-8424-4E7E-886F-A1E083748D48}.Release|Any CPU.Build.0 = Release|Any CPU
		{1D8DCF29-DEE7-4C66-A9E2-EA1F1801C34E}.Debug|Any CPU.ActiveCfg = Debug|Any CPU
		{1D8DCF29-DEE7-4C66-A9E2-EA1F1801C34E}.Debug|Any CPU.Build.0 = Debug|Any CPU
		{1D8DCF29-DEE7-4C66-A9E2-EA1F1801C34E}.Release|Any CPU.ActiveCfg = Release|Any CPU
		{1D8DCF29-DEE7-4C66-A9E2-EA1F1801C34E}.Release|Any CPU.Build.0 = Release|Any CPU
	EndGlobalSection
	GlobalSection(SolutionProperties) = preSolution
		HideSolutionNode = FALSE
	EndGlobalSection
EndGlobal
